
Microsoft Visual Studio Solution File, Format Version 12.00
# Visual Studio Version 17
VisualStudioVersion = 17.11.35303.130
MinimumVisualStudioVersion = 10.0.40219.1
Project("{FAE04EC0-301F-11D3-BF4B-00C04F79EFBC}") = "Devices.ConsoleApp", "SmartHomeConsoleApp\Devices.ConsoleApp.csproj", "{6E5360AE-0D79-4111-883A-9426A40900C2}"
EndProject
Project("{FAE04EC0-301F-11D3-BF4B-00C04F79EFBC}") = "Shared", "Shared\Shared.csproj", "{ACE13A10-FE04-4744-9E04-AA3BB4AF7382}"
EndProject
Global
	GlobalSection(SolutionConfigurationPlatforms) = preSolution
		Debug|Any CPU = Debug|Any CPU
		Release|Any CPU = Release|Any CPU
	EndGlobalSection
	GlobalSection(ProjectConfigurationPlatforms) = postSolution
		{6E5360AE-0D79-4111-883A-9426A40900C2}.Debug|Any CPU.ActiveCfg = Debug|Any CPU
		{6E5360AE-0D79-4111-883A-9426A40900C2}.Debug|Any CPU.Build.0 = Debug|Any CPU
		{6E5360AE-0D79-4111-883A-9426A40900C2}.Release|Any CPU.ActiveCfg = Release|Any CPU
		{6E5360AE-0D79-4111-883A-9426A40900C2}.Release|Any CPU.Build.0 = Release|Any CPU
		{ACE13A10-FE04-4744-9E04-AA3BB4AF7382}.Debug|Any CPU.ActiveCfg = Debug|Any CPU
		{ACE13A10-FE04-4744-9E04-AA3BB4AF7382}.Debug|Any CPU.Build.0 = Debug|Any CPU
		{ACE13A10-FE04-4744-9E04-AA3BB4AF7382}.Release|Any CPU.ActiveCfg = Release|Any CPU
		{ACE13A10-FE04-4744-9E04-AA3BB4AF7382}.Release|Any CPU.Build.0 = Release|Any CPU
	EndGlobalSection
	GlobalSection(SolutionProperties) = preSolution
		HideSolutionNode = FALSE
	EndGlobalSection
	GlobalSection(ExtensibilityGlobals) = postSolution
		SolutionGuid = {B09E1859-429A-456B-A0E4-137D3C928866}
	EndGlobalSection
EndGlobal
